// !$*UTF8*$!
{
	archiveVersion = 1;
	classes = {
	};
	objectVersion = 50;
	objects = {

/* Begin PBXBuildFile section */
		5138EA4224DDB21400CCBEED /* SwiftUI_SetGameApp.swift in Sources */ = {isa = PBXBuildFile; fileRef = 5138EA4124DDB21400CCBEED /* SwiftUI_SetGameApp.swift */; };
		5138EA4624DDB21600CCBEED /* Assets.xcassets in Resources */ = {isa = PBXBuildFile; fileRef = 5138EA4524DDB21600CCBEED /* Assets.xcassets */; };
		5138EA4924DDB21600CCBEED /* Preview Assets.xcassets in Resources */ = {isa = PBXBuildFile; fileRef = 5138EA4824DDB21600CCBEED /* Preview Assets.xcassets */; };
		5138EA5124DDB26A00CCBEED /* Diamond.swift in Sources */ = {isa = PBXBuildFile; fileRef = 5138EA5024DDB26A00CCBEED /* Diamond.swift */; };
		5138EA5524DDB27900CCBEED /* Grid.swift in Sources */ = {isa = PBXBuildFile; fileRef = 5138EA5224DDB27900CCBEED /* Grid.swift */; };
		5138EA5624DDB27900CCBEED /* GridLayout.swift in Sources */ = {isa = PBXBuildFile; fileRef = 5138EA5324DDB27900CCBEED /* GridLayout.swift */; };
		5138EA5724DDB27900CCBEED /* Array+Identifiable.swift in Sources */ = {isa = PBXBuildFile; fileRef = 5138EA5424DDB27900CCBEED /* Array+Identifiable.swift */; };
		5138EA5C24DDB29000CCBEED /* SetGameViewModel.swift in Sources */ = {isa = PBXBuildFile; fileRef = 5138EA5824DDB29000CCBEED /* SetGameViewModel.swift */; };
		5138EA5D24DDB29000CCBEED /* CardView.swift in Sources */ = {isa = PBXBuildFile; fileRef = 5138EA5924DDB29000CCBEED /* CardView.swift */; };
		5138EA5E24DDB29000CCBEED /* SetGameView.swift in Sources */ = {isa = PBXBuildFile; fileRef = 5138EA5A24DDB29000CCBEED /* SetGameView.swift */; };
		5138EA5F24DDB29000CCBEED /* SetGame.swift in Sources */ = {isa = PBXBuildFile; fileRef = 5138EA5B24DDB29000CCBEED /* SetGame.swift */; };
/* End PBXBuildFile section */

/* Begin PBXFileReference section */
		5138EA3E24DDB21400CCBEED /* SwiftUI SetGame.app */ = {isa = PBXFileReference; explicitFileType = wrapper.application; includeInIndex = 0; path = "SwiftUI SetGame.app"; sourceTree = BUILT_PRODUCTS_DIR; };
		5138EA4124DDB21400CCBEED /* SwiftUI_SetGameApp.swift */ = {isa = PBXFileReference; lastKnownFileType = sourcecode.swift; path = SwiftUI_SetGameApp.swift; sourceTree = "<group>"; };
		5138EA4524DDB21600CCBEED /* Assets.xcassets */ = {isa = PBXFileReference; lastKnownFileType = folder.assetcatalog; path = Assets.xcassets; sourceTree = "<group>"; };
		5138EA4824DDB21600CCBEED /* Preview Assets.xcassets */ = {isa = PBXFileReference; lastKnownFileType = folder.assetcatalog; path = "Preview Assets.xcassets"; sourceTree = "<group>"; };
		5138EA4A24DDB21600CCBEED /* Info.plist */ = {isa = PBXFileReference; lastKnownFileType = text.plist.xml; path = Info.plist; sourceTree = "<group>"; };
		5138EA5024DDB26A00CCBEED /* Diamond.swift */ = {isa = PBXFileReference; fileEncoding = 4; lastKnownFileType = sourcecode.swift; path = Diamond.swift; sourceTree = "<group>"; };
		5138EA5224DDB27900CCBEED /* Grid.swift */ = {isa = PBXFileReference; fileEncoding = 4; lastKnownFileType = sourcecode.swift; path = Grid.swift; sourceTree = "<group>"; };
		5138EA5324DDB27900CCBEED /* GridLayout.swift */ = {isa = PBXFileReference; fileEncoding = 4; lastKnownFileType = sourcecode.swift; path = GridLayout.swift; sourceTree = "<group>"; };
		5138EA5424DDB27900CCBEED /* Array+Identifiable.swift */ = {isa = PBXFileReference; fileEncoding = 4; lastKnownFileType = sourcecode.swift; path = "Array+Identifiable.swift"; sourceTree = "<group>"; };
		5138EA5824DDB29000CCBEED /* SetGameViewModel.swift */ = {isa = PBXFileReference; fileEncoding = 4; lastKnownFileType = sourcecode.swift; path = SetGameViewModel.swift; sourceTree = "<group>"; };
		5138EA5924DDB29000CCBEED /* CardView.swift */ = {isa = PBXFileReference; fileEncoding = 4; lastKnownFileType = sourcecode.swift; path = CardView.swift; sourceTree = "<group>"; };
		5138EA5A24DDB29000CCBEED /* SetGameView.swift */ = {isa = PBXFileReference; fileEncoding = 4; lastKnownFileType = sourcecode.swift; path = SetGameView.swift; sourceTree = "<group>"; };
		5138EA5B24DDB29000CCBEED /* SetGame.swift */ = {isa = PBXFileReference; fileEncoding = 4; lastKnownFileType = sourcecode.swift; path = SetGame.swift; sourceTree = "<group>"; };
/* End PBXFileReference section */

/* Begin PBXFrameworksBuildPhase section */
		5138EA3B24DDB21400CCBEED /* Frameworks */ = {
			isa = PBXFrameworksBuildPhase;
			buildActionMask = 2147483647;
			files = (
			);
			runOnlyForDeploymentPostprocessing = 0;
		};
/* End PBXFrameworksBuildPhase section */

/* Begin PBXGroup section */
		5138EA3524DDB21400CCBEED = {
			isa = PBXGroup;
			children = (
				5138EA4024DDB21400CCBEED /* SwiftUI SetGame */,
				5138EA3F24DDB21400CCBEED /* Products */,
			);
			sourceTree = "<group>";
		};
		5138EA3F24DDB21400CCBEED /* Products */ = {
			isa = PBXGroup;
			children = (
				5138EA3E24DDB21400CCBEED /* SwiftUI SetGame.app */,
			);
			name = Products;
			sourceTree = "<group>";
		};
		5138EA4024DDB21400CCBEED /* SwiftUI SetGame */ = {
			isa = PBXGroup;
			children = (
				5138EA4124DDB21400CCBEED /* SwiftUI_SetGameApp.swift */,
				5138EA5924DDB29000CCBEED /* CardView.swift */,
				5138EA5B24DDB29000CCBEED /* SetGame.swift */,
				5138EA5824DDB29000CCBEED /* SetGameViewModel.swift */,
				5138EA5A24DDB29000CCBEED /* SetGameView.swift */,
				5138EA5024DDB26A00CCBEED /* Diamond.swift */,
				5138EA5424DDB27900CCBEED /* Array+Identifiable.swift */,
				5138EA5224DDB27900CCBEED /* Grid.swift */,
				5138EA5324DDB27900CCBEED /* GridLayout.swift */,
				5138EA4524DDB21600CCBEED /* Assets.xcassets */,
				5138EA4A24DDB21600CCBEED /* Info.plist */,
				5138EA4724DDB21600CCBEED /* Preview Content */,
			);
			path = "SwiftUI SetGame";
			sourceTree = "<group>";
		};
		5138EA4724DDB21600CCBEED /* Preview Content */ = {
			isa = PBXGroup;
			children = (
				5138EA4824DDB21600CCBEED /* Preview Assets.xcassets */,
			);
			path = "Preview Content";
			sourceTree = "<group>";
		};
/* End PBXGroup section */

/* Begin PBXNativeTarget section */
		5138EA3D24DDB21400CCBEED /* SwiftUI SetGame */ = {
			isa = PBXNativeTarget;
			buildConfigurationList = 5138EA4D24DDB21600CCBEED /* Build configuration list for PBXNativeTarget "SwiftUI SetGame" */;
			buildPhases = (
				5138EA3A24DDB21400CCBEED /* Sources */,
				5138EA3B24DDB21400CCBEED /* Frameworks */,
				5138EA3C24DDB21400CCBEED /* Resources */,
			);
			buildRules = (
			);
			dependencies = (
			);
			name = "SwiftUI SetGame";
			productName = "SwiftUI SetGame";
			productReference = 5138EA3E24DDB21400CCBEED /* SwiftUI SetGame.app */;
			productType = "com.apple.product-type.application";
		};
/* End PBXNativeTarget section */

/* Begin PBXProject section */
		5138EA3624DDB21400CCBEED /* Project object */ = {
			isa = PBXProject;
			attributes = {
				LastSwiftUpdateCheck = 1200;
				LastUpgradeCheck = 1200;
				TargetAttributes = {
					5138EA3D24DDB21400CCBEED = {
						CreatedOnToolsVersion = 12.0;
					};
				};
			};
			buildConfigurationList = 5138EA3924DDB21400CCBEED /* Build configuration list for PBXProject "SwiftUI SetGame" */;
			compatibilityVersion = "Xcode 9.3";
			developmentRegion = en;
			hasScannedForEncodings = 0;
			knownRegions = (
				en,
				Base,
			);
			mainGroup = 5138EA3524DDB21400CCBEED;
			productRefGroup = 5138EA3F24DDB21400CCBEED /* Products */;
			projectDirPath = "";
			projectRoot = "";
			targets = (
				5138EA3D24DDB21400CCBEED /* SwiftUI SetGame */,
			);
		};
/* End PBXProject section */

/* Begin PBXResourcesBuildPhase section */
		5138EA3C24DDB21400CCBEED /* Resources */ = {
			isa = PBXResourcesBuildPhase;
			buildActionMask = 2147483647;
			files = (
				5138EA4924DDB21600CCBEED /* Preview Assets.xcassets in Resources */,
				5138EA4624DDB21600CCBEED /* Assets.xcassets in Resources */,
			);
			runOnlyForDeploymentPostprocessing = 0;
		};
/* End PBXResourcesBuildPhase section */

/* Begin PBXSourcesBuildPhase section */
		5138EA3A24DDB21400CCBEED /* Sources */ = {
			isa = PBXSourcesBuildPhase;
			buildActionMask = 2147483647;
			files = (
				5138EA5D24DDB29000CCBEED /* CardView.swift in Sources */,
				5138EA5F24DDB29000CCBEED /* SetGame.swift in Sources */,
				5138EA5724DDB27900CCBEED /* Array+Identifiable.swift in Sources */,
				5138EA5124DDB26A00CCBEED /* Diamond.swift in Sources */,
				5138EA4224DDB21400CCBEED /* SwiftUI_SetGameApp.swift in Sources */,
				5138EA5C24DDB29000CCBEED /* SetGameViewModel.swift in Sources */,
				5138EA5E24DDB29000CCBEED /* SetGameView.swift in Sources */,
				5138EA5524DDB27900CCBEED /* Grid.swift in Sources */,
				5138EA5624DDB27900CCBEED /* GridLayout.swift in Sources */,
			);
			runOnlyForDeploymentPostprocessing = 0;
		};
/* End PBXSourcesBuildPhase section */

/* Begin XCBuildConfiguration section */
		5138EA4B24DDB21600CCBEED /* Debug */ = {
			isa = XCBuildConfiguration;
			buildSettings = {
				ALWAYS_SEARCH_USER_PATHS = NO;
				CLANG_ANALYZER_NONNULL = YES;
				CLANG_ANALYZER_NUMBER_OBJECT_CONVERSION = YES_AGGRESSIVE;
				CLANG_CXX_LANGUAGE_STANDARD = "gnu++14";
				CLANG_CXX_LIBRARY = "libc++";
				CLANG_ENABLE_MODULES = YES;
				CLANG_ENABLE_OBJC_ARC = YES;
				CLANG_ENABLE_OBJC_WEAK = YES;
				CLANG_WARN_BLOCK_CAPTURE_AUTORELEASING = YES;
				CLANG_WARN_BOOL_CONVERSION = YES;
				CLANG_WARN_COMMA = YES;
				CLANG_WARN_CONSTANT_CONVERSION = YES;
				CLANG_WARN_DEPRECATED_OBJC_IMPLEMENTATIONS = YES;
				CLANG_WARN_DIRECT_OBJC_ISA_USAGE = YES_ERROR;
				CLANG_WARN_DOCUMENTATION_COMMENTS = YES;
				CLANG_WARN_EMPTY_BODY = YES;
				CLANG_WARN_ENUM_CONVERSION = YES;
				CLANG_WARN_INFINITE_RECURSION = YES;
				CLANG_WARN_INT_CONVERSION = YES;
				CLANG_WARN_NON_LITERAL_NULL_CONVERSION = YES;
				CLANG_WARN_OBJC_IMPLICIT_RETAIN_SELF = YES;
				CLANG_WARN_OBJC_LITERAL_CONVERSION = YES;
				CLANG_WARN_OBJC_ROOT_CLASS = YES_ERROR;
				CLANG_WARN_QUOTED_INCLUDE_IN_FRAMEWORK_HEADER = YES;
				CLANG_WARN_RANGE_LOOP_ANALYSIS = YES;
				CLANG_WARN_STRICT_PROTOTYPES = YES;
				CLANG_WARN_SUSPICIOUS_MOVE = YES;
				CLANG_WARN_UNGUARDED_AVAILABILITY = YES_AGGRESSIVE;
				CLANG_WARN_UNREACHABLE_CODE = YES;
				CLANG_WARN__DUPLICATE_METHOD_MATCH = YES;
				COPY_PHASE_STRIP = NO;
				DEBUG_INFORMATION_FORMAT = dwarf;
				ENABLE_STRICT_OBJC_MSGSEND = YES;
				ENABLE_TESTABILITY = YES;
				GCC_C_LANGUAGE_STANDARD = gnu11;
				GCC_DYNAMIC_NO_PIC = NO;
				GCC_NO_COMMON_BLOCKS = YES;
				GCC_OPTIMIZATION_LEVEL = 0;
				GCC_PREPROCESSOR_DEFINITIONS = (
					"DEBUG=1",
					"$(inherited)",
				);
				GCC_WARN_64_TO_32_BIT_CONVERSION = YES;
				GCC_WARN_ABOUT_RETURN_TYPE = YES_ERROR;
				GCC_WARN_UNDECLARED_SELECTOR = YES;
				GCC_WARN_UNINITIALIZED_AUTOS = YES_AGGRESSIVE;
				GCC_WARN_UNUSED_FUNCTION = YES;
				GCC_WARN_UNUSED_VARIABLE = YES;
				IPHONEOS_DEPLOYMENT_TARGET = 14.0;
				MTL_ENABLE_DEBUG_INFO = INCLUDE_SOURCE;
				MTL_FAST_MATH = YES;
				ONLY_ACTIVE_ARCH = YES;
				SDKROOT = iphoneos;
				SWIFT_ACTIVE_COMPILATION_CONDITIONS = DEBUG;
				SWIFT_OPTIMIZATION_LEVEL = "-Onone";
			};
			name = Debug;
		};
		5138EA4C24DDB21600CCBEED /* Release */ = {
			isa = XCBuildConfiguration;
			buildSettings = {
				ALWAYS_SEARCH_USER_PATHS = NO;
				CLANG_ANALYZER_NONNULL = YES;
				CLANG_ANALYZER_NUMBER_OBJECT_CONVERSION = YES_AGGRESSIVE;
				CLANG_CXX_LANGUAGE_STANDARD = "gnu++14";
				CLANG_CXX_LIBRARY = "libc++";
				CLANG_ENABLE_MODULES = YES;
				CLANG_ENABLE_OBJC_ARC = YES;
				CLANG_ENABLE_OBJC_WEAK = YES;
				CLANG_WARN_BLOCK_CAPTURE_AUTORELEASING = YES;
				CLANG_WARN_BOOL_CONVERSION = YES;
				CLANG_WARN_COMMA = YES;
				CLANG_WARN_CONSTANT_CONVERSION = YES;
				CLANG_WARN_DEPRECATED_OBJC_IMPLEMENTATIONS = YES;
				CLANG_WARN_DIRECT_OBJC_ISA_USAGE = YES_ERROR;
				CLANG_WARN_DOCUMENTATION_COMMENTS = YES;
				CLANG_WARN_EMPTY_BODY = YES;
				CLANG_WARN_ENUM_CONVERSION = YES;
				CLANG_WARN_INFINITE_RECURSION = YES;
				CLANG_WARN_INT_CONVERSION = YES;
				CLANG_WARN_NON_LITERAL_NULL_CONVERSION = YES;
				CLANG_WARN_OBJC_IMPLICIT_RETAIN_SELF = YES;
				CLANG_WARN_OBJC_LITERAL_CONVERSION = YES;
				CLANG_WARN_OBJC_ROOT_CLASS = YES_ERROR;
				CLANG_WARN_QUOTED_INCLUDE_IN_FRAMEWORK_HEADER = YES;
				CLANG_WARN_RANGE_LOOP_ANALYSIS = YES;
				CLANG_WARN_STRICT_PROTOTYPES = YES;
				CLANG_WARN_SUSPICIOUS_MOVE = YES;
				CLANG_WARN_UNGUARDED_AVAILABILITY = YES_AGGRESSIVE;
				CLANG_WARN_UNREACHABLE_CODE = YES;
				CLANG_WARN__DUPLICATE_METHOD_MATCH = YES;
				COPY_PHASE_STRIP = NO;
				DEBUG_INFORMATION_FORMAT = "dwarf-with-dsym";
				ENABLE_NS_ASSERTIONS = NO;
				ENABLE_STRICT_OBJC_MSGSEND = YES;
				GCC_C_LANGUAGE_STANDARD = gnu11;
				GCC_NO_COMMON_BLOCKS = YES;
				GCC_WARN_64_TO_32_BIT_CONVERSION = YES;
				GCC_WARN_ABOUT_RETURN_TYPE = YES_ERROR;
				GCC_WARN_UNDECLARED_SELECTOR = YES;
				GCC_WARN_UNINITIALIZED_AUTOS = YES_AGGRESSIVE;
				GCC_WARN_UNUSED_FUNCTION = YES;
				GCC_WARN_UNUSED_VARIABLE = YES;
				IPHONEOS_DEPLOYMENT_TARGET = 14.0;
				MTL_ENABLE_DEBUG_INFO = NO;
				MTL_FAST_MATH = YES;
				SDKROOT = iphoneos;
				SWIFT_COMPILATION_MODE = wholemodule;
				SWIFT_OPTIMIZATION_LEVEL = "-O";
				VALIDATE_PRODUCT = YES;
			};
			name = Release;
		};
		5138EA4E24DDB21600CCBEED /* Debug */ = {
			isa = XCBuildConfiguration;
			buildSettings = {
				ASSETCATALOG_COMPILER_APPICON_NAME = AppIcon;
				ASSETCATALOG_COMPILER_GLOBAL_ACCENT_COLOR_NAME = AccentColor;
				CODE_SIGN_STYLE = Automatic;
				DEVELOPMENT_ASSET_PATHS = "\"SwiftUI SetGame/Preview Content\"";
				DEVELOPMENT_TEAM = B9T788S7A9;
				ENABLE_PREVIEWS = YES;
				INFOPLIST_FILE = "SwiftUI SetGame/Info.plist";
				IPHONEOS_DEPLOYMENT_TARGET = 14.0;
				LD_RUNPATH_SEARCH_PATHS = (
					"$(inherited)",
					"@executable_path/Frameworks",
				);
				PRODUCT_BUNDLE_IDENTIFIER = "com.supernova911.SwiftUI-SetGame";
				PRODUCT_NAME = "$(TARGET_NAME)";
				SWIFT_VERSION = 5.0;
				TARGETED_DEVICE_FAMILY = "1,2";
			};
			name = Debug;
		};
		5138EA4F24DDB21600CCBEED /* Release */ = {
			isa = XCBuildConfiguration;
			buildSettings = {
				ASSETCATALOG_COMPILER_APPICON_NAME = AppIcon;
				ASSETCATALOG_COMPILER_GLOBAL_ACCENT_COLOR_NAME = AccentColor;
				CODE_SIGN_STYLE = Automatic;
				DEVELOPMENT_ASSET_PATHS = "\"SwiftUI SetGame/Preview Content\"";
				DEVELOPMENT_TEAM = B9T788S7A9;
				ENABLE_PREVIEWS = YES;
				INFOPLIST_FILE = "SwiftUI SetGame/Info.plist";
				IPHONEOS_DEPLOYMENT_TARGET = 14.0;
				LD_RUNPATH_SEARCH_PATHS = (
					"$(inherited)",
					"@executable_path/Frameworks",
				);
				PRODUCT_BUNDLE_IDENTIFIER = "com.supernova911.SwiftUI-SetGame";
				PRODUCT_NAME = "$(TARGET_NAME)";
				SWIFT_VERSION = 5.0;
				TARGETED_DEVICE_FAMILY = "1,2";
			};
			name = Release;
		};
/* End XCBuildConfiguration section */

/* Begin XCConfigurationList section */
		5138EA3924DDB21400CCBEED /* Build configuration list for PBXProject "SwiftUI SetGame" */ = {
			isa = XCConfigurationList;
			buildConfigurations = (
				5138EA4B24DDB21600CCBEED /* Debug */,
				5138EA4C24DDB21600CCBEED /* Release */,
			);
			defaultConfigurationIsVisible = 0;
			defaultConfigurationName = Release;
		};
		5138EA4D24DDB21600CCBEED /* Build configuration list for PBXNativeTarget "SwiftUI SetGame" */ = {
			isa = XCConfigurationList;
			buildConfigurations = (
				5138EA4E24DDB21600CCBEED /* Debug */,
				5138EA4F24DDB21600CCBEED /* Release */,
			);
			defaultConfigurationIsVisible = 0;
			defaultConfigurationName = Release;
		};
/* End XCConfigurationList section */
	};
	rootObject = 5138EA3624DDB21400CCBEED /* Project object */;
}
